
Microsoft Visual Studio Solution File, Format Version 12.00
# Visual Studio 14
VisualStudioVersion = 14.0.22310.1
MinimumVisualStudioVersion = 10.0.40219.1
Project("{2150E333-8FDC-42A3-9474-1A3956D46DE8}") = ".nuget", ".nuget", "{60204122-7553-4D37-AD6F-8E0665938AC0}"
	ProjectSection(SolutionItems) = preProject
		.nuget\packages.config = .nuget\packages.config
	EndProjectSection
EndProject
Project("{FAE04EC0-301F-11D3-BF4B-00C04F79EFBC}") = "RestaurantApp", "RestaurantApp\RestaurantApp.csproj", "{B3F02506-8FAC-46DE-9D00-564AC41BC0DB}"
EndProject
Global
	GlobalSection(SolutionConfigurationPlatforms) = preSolution
		Debug|Any CPU = Debug|Any CPU
		Release|Any CPU = Release|Any CPU
	EndGlobalSection
	GlobalSection(ProjectConfigurationPlatforms) = postSolution
		{B3F02506-8FAC-46DE-9D00-564AC41BC0DB}.Debug|Any CPU.ActiveCfg = Debug|Any CPU
		{B3F02506-8FAC-46DE-9D00-564AC41BC0DB}.Debug|Any CPU.Build.0 = Debug|Any CPU
		{B3F02506-8FAC-46DE-9D00-564AC41BC0DB}.Release|Any CPU.ActiveCfg = Release|Any CPU
		{B3F02506-8FAC-46DE-9D00-564AC41BC0DB}.Release|Any CPU.Build.0 = Release|Any CPU
	EndGlobalSection
	GlobalSection(SolutionProperties) = preSolution
		HideSolutionNode = FALSE
	EndGlobalSection
EndGlobal
